
Microsoft Visual Studio Solution File, Format Version 12.00
# Visual Studio Version 17
VisualStudioVersion = 17.0.31903.59
MinimumVisualStudioVersion = 10.0.40219.1
Project("{FAE04EC0-301F-11D3-BF4B-00C04F79EFBC}") = "API", "API\API.csproj", "{72C6B620-DF8A-4B92-BF1C-A0E00BC302D5}"
EndProject
Project("{FAE04EC0-301F-11D3-BF4B-00C04F79EFBC}") = "Core", "Core\Core.csproj", "{3F57E715-93F9-4DD7-B591-DE2ED1B6A5FA}"
EndProject
Project("{FAE04EC0-301F-11D3-BF4B-00C04F79EFBC}") = "Infrastructure", "Infrastructure\Infrastructure.csproj", "{87EBABBC-0FC3-427C-9F10-8F466DA8F8D7}"
EndProject
Global
	GlobalSection(SolutionConfigurationPlatforms) = preSolution
		Debug|Any CPU = Debug|Any CPU
		Release|Any CPU = Release|Any CPU
	EndGlobalSection
	GlobalSection(SolutionProperties) = preSolution
		HideSolutionNode = FALSE
	EndGlobalSection
	GlobalSection(ProjectConfigurationPlatforms) = postSolution
		{72C6B620-DF8A-4B92-BF1C-A0E00BC302D5}.Debug|Any CPU.ActiveCfg = Debug|Any CPU
		{72C6B620-DF8A-4B92-BF1C-A0E00BC302D5}.Debug|Any CPU.Build.0 = Debug|Any CPU
		{72C6B620-DF8A-4B92-BF1C-A0E00BC302D5}.Release|Any CPU.ActiveCfg = Release|Any CPU
		{72C6B620-DF8A-4B92-BF1C-A0E00BC302D5}.Release|Any CPU.Build.0 = Release|Any CPU
		{3F57E715-93F9-4DD7-B591-DE2ED1B6A5FA}.Debug|Any CPU.ActiveCfg = Debug|Any CPU
		{3F57E715-93F9-4DD7-B591-DE2ED1B6A5FA}.Debug|Any CPU.Build.0 = Debug|Any CPU
		{3F57E715-93F9-4DD7-B591-DE2ED1B6A5FA}.Release|Any CPU.ActiveCfg = Release|Any CPU
		{3F57E715-93F9-4DD7-B591-DE2ED1B6A5FA}.Release|Any CPU.Build.0 = Release|Any CPU
		{87EBABBC-0FC3-427C-9F10-8F466DA8F8D7}.Debug|Any CPU.ActiveCfg = Debug|Any CPU
		{87EBABBC-0FC3-427C-9F10-8F466DA8F8D7}.Debug|Any CPU.Build.0 = Debug|Any CPU
		{87EBABBC-0FC3-427C-9F10-8F466DA8F8D7}.Release|Any CPU.ActiveCfg = Release|Any CPU
		{87EBABBC-0FC3-427C-9F10-8F466DA8F8D7}.Release|Any CPU.Build.0 = Release|Any CPU
	EndGlobalSection
EndGlobal
